
Microsoft Visual Studio Solution File, Format Version 12.00
# Visual Studio Version 16
VisualStudioVersion = 16.0.29503.13
MinimumVisualStudioVersion = 10.0.40219.1
Project("{9A19103F-16F7-4668-BE54-9A1E7A4F7556}") = "MovieManager.ConsoleApp", "MovieManager.ConsoleApp\MovieManager.ConsoleApp.csproj", "{59AA0E3E-3704-4316-A1CE-5A47C7DD6302}"
EndProject
Project("{9A19103F-16F7-4668-BE54-9A1E7A4F7556}") = "MovieManager.Core", "MovieManager.Core\MovieManager.Core.csproj", "{E560BB04-3BD0-4100-991E-6D56B64657CD}"
EndProject
Project("{9A19103F-16F7-4668-BE54-9A1E7A4F7556}") = "MovieManager.Persistence", "MovieManager.Persistence\MovieManager.Persistence.csproj", "{BB79A417-FFDB-4713-B32A-307799CA6A18}"
EndProject
Project("{9A19103F-16F7-4668-BE54-9A1E7A4F7556}") = "Utils", "Utils\Utils.csproj", "{92E82A52-0E4D-4209-AB11-1670C194B69A}"
EndProject
Project("{2150E333-8FDC-42A3-9474-1A3956D46DE8}") = "Solution Items", "Solution Items", "{71A376C1-B539-4ADF-B588-5645E8B5A23E}"
	ProjectSection(SolutionItems) = preProject
		..\..\..\..\docker-compose-sql-server.yml = ..\..\..\..\docker-compose-sql-server.yml
		Dockerfile = Dockerfile
		Movies.csv = Movies.csv
	EndProjectSection
EndProject
Project("{9A19103F-16F7-4668-BE54-9A1E7A4F7556}") = "MovieManager.Web", "MovieManager.Web\MovieManager.Web.csproj", "{DE5A6862-CE5E-4894-8E23-19EEE0C7411B}"
EndProject
Global
	GlobalSection(SolutionConfigurationPlatforms) = preSolution
		Debug|Any CPU = Debug|Any CPU
		Release|Any CPU = Release|Any CPU
	EndGlobalSection
	GlobalSection(ProjectConfigurationPlatforms) = postSolution
		{59AA0E3E-3704-4316-A1CE-5A47C7DD6302}.Debug|Any CPU.ActiveCfg = Debug|Any CPU
		{59AA0E3E-3704-4316-A1CE-5A47C7DD6302}.Debug|Any CPU.Build.0 = Debug|Any CPU
		{59AA0E3E-3704-4316-A1CE-5A47C7DD6302}.Release|Any CPU.ActiveCfg = Release|Any CPU
		{59AA0E3E-3704-4316-A1CE-5A47C7DD6302}.Release|Any CPU.Build.0 = Release|Any CPU
		{E560BB04-3BD0-4100-991E-6D56B64657CD}.Debug|Any CPU.ActiveCfg = Debug|Any CPU
		{E560BB04-3BD0-4100-991E-6D56B64657CD}.Debug|Any CPU.Build.0 = Debug|Any CPU
		{E560BB04-3BD0-4100-991E-6D56B64657CD}.Release|Any CPU.ActiveCfg = Release|Any CPU
		{E560BB04-3BD0-4100-991E-6D56B64657CD}.Release|Any CPU.Build.0 = Release|Any CPU
		{BB79A417-FFDB-4713-B32A-307799CA6A18}.Debug|Any CPU.ActiveCfg = Debug|Any CPU
		{BB79A417-FFDB-4713-B32A-307799CA6A18}.Debug|Any CPU.Build.0 = Debug|Any CPU
		{BB79A417-FFDB-4713-B32A-307799CA6A18}.Release|Any CPU.ActiveCfg = Release|Any CPU
		{BB79A417-FFDB-4713-B32A-307799CA6A18}.Release|Any CPU.Build.0 = Release|Any CPU
		{92E82A52-0E4D-4209-AB11-1670C194B69A}.Debug|Any CPU.ActiveCfg = Debug|Any CPU
		{92E82A52-0E4D-4209-AB11-1670C194B69A}.Debug|Any CPU.Build.0 = Debug|Any CPU
		{92E82A52-0E4D-4209-AB11-1670C194B69A}.Release|Any CPU.ActiveCfg = Release|Any CPU
		{92E82A52-0E4D-4209-AB11-1670C194B69A}.Release|Any CPU.Build.0 = Release|Any CPU
		{DE5A6862-CE5E-4894-8E23-19EEE0C7411B}.Debug|Any CPU.ActiveCfg = Debug|Any CPU
		{DE5A6862-CE5E-4894-8E23-19EEE0C7411B}.Debug|Any CPU.Build.0 = Debug|Any CPU
		{DE5A6862-CE5E-4894-8E23-19EEE0C7411B}.Release|Any CPU.ActiveCfg = Release|Any CPU
		{DE5A6862-CE5E-4894-8E23-19EEE0C7411B}.Release|Any CPU.Build.0 = Release|Any CPU
	EndGlobalSection
	GlobalSection(SolutionProperties) = preSolution
		HideSolutionNode = FALSE
	EndGlobalSection
	GlobalSection(ExtensibilityGlobals) = postSolution
		SolutionGuid = {1D02A32F-415A-49F8-99CB-29D1ED536BA6}
	EndGlobalSection
EndGlobal
